
Microsoft Visual Studio Solution File, Format Version 12.00
# Visual Studio Version 16
VisualStudioVersion = 16.0.32228.343
MinimumVisualStudioVersion = 10.0.40219.1
Project("{8BC9CEB8-8B4A-11D0-8D11-00A0C91BC942}") = "CPP_express", "CPP_express\CPP_express.vcxproj", "{E3490624-E945-4EEF-8754-B7755AED4450}"
EndProject
Global
	GlobalSection(SolutionConfigurationPlatforms) = preSolution
		Debug|x64 = Debug|x64
		Debug|x86 = Debug|x86
		Release|x64 = Release|x64
		Release|x86 = Release|x86
	EndGlobalSection
	GlobalSection(ProjectConfigurationPlatforms) = postSolution
		{E3490624-E945-4EEF-8754-B7755AED4450}.Debug|x64.ActiveCfg = Debug|x64
		{E3490624-E945-4EEF-8754-B7755AED4450}.Debug|x64.Build.0 = Debug|x64
		{E3490624-E945-4EEF-8754-B7755AED4450}.Debug|x86.ActiveCfg = Debug|Win32
		{E3490624-E945-4EEF-8754-B7755AED4450}.Debug|x86.Build.0 = Debug|Win32
		{E3490624-E945-4EEF-8754-B7755AED4450}.Release|x64.ActiveCfg = Release|x64
		{E3490624-E945-4EEF-8754-B7755AED4450}.Release|x64.Build.0 = Release|x64
		{E3490624-E945-4EEF-8754-B7755AED4450}.Release|x86.ActiveCfg = Release|Win32
		{E3490624-E945-4EEF-8754-B7755AED4450}.Release|x86.Build.0 = Release|Win32
	EndGlobalSection
	GlobalSection(SolutionProperties) = preSolution
		HideSolutionNode = FALSE
	EndGlobalSection
	GlobalSection(ExtensibilityGlobals) = postSolution
		SolutionGuid = {A5E67202-712E-4737-B0EC-91825816D7BF}
	EndGlobalSection
EndGlobal
